
Microsoft Visual Studio Solution File, Format Version 12.00
# Visual Studio Version 16
VisualStudioVersion = 16.0.30717.126
MinimumVisualStudioVersion = 10.0.40219.1
Project("{F184B08F-C81C-45F6-A57F-5ABD9991F28F}") = "CSVAverage", "CSVAverage\CSVAverage.vbproj", "{45C612E2-BEEB-446E-AC38-A256F39DA4FC}"
EndProject
Project("{F184B08F-C81C-45F6-A57F-5ABD9991F28F}") = "CSVNormalization", "CSVNormalization\CSVNormalization.vbproj", "{C9DB9E8A-25E5-45C2-801C-A1EA200486C6}"
EndProject
Project("{F184B08F-C81C-45F6-A57F-5ABD9991F28F}") = "JoinPanelID", "JoinPanelID\JoinPanelID.vbproj", "{838C5EC4-9173-4A60-99E1-067B858C457B}"
EndProject
Project("{F184B08F-C81C-45F6-A57F-5ABD9991F28F}") = "MotherGrayGenerator", "MotherGrayGenerator\MotherGrayGenerator.vbproj", "{DCD64881-ECA2-400A-BFBF-901FF7354FBD}"
EndProject
Project("{FAE04EC0-301F-11D3-BF4B-00C04F79EFBC}") = "KillProcess", "KillProcess\KillProcess.csproj", "{E9F5DDE3-B839-46BE-AD6D-5690C2E1251F}"
EndProject
Project("{FAE04EC0-301F-11D3-BF4B-00C04F79EFBC}") = "EZAE", "EZAE\EZAE.csproj", "{8AEAE95B-CA68-4ECC-8C5F-9C7FBC551E32}"
EndProject
Project("{FAE04EC0-301F-11D3-BF4B-00C04F79EFBC}") = "CSVPrefixchange", "CSVPrefixchange\CSVPrefixchange.csproj", "{294D775D-A7F1-4586-98CA-49EDAB4C9DD6}"
EndProject
Project("{FAE04EC0-301F-11D3-BF4B-00C04F79EFBC}") = "IPListBuilder", "IPListBuilder\IPListBuilder.csproj", "{568FDE4F-08A1-4464-B615-5C627B81B133}"
EndProject
Project("{FAE04EC0-301F-11D3-BF4B-00C04F79EFBC}") = "CustomPopup", "CustomPopup\CustomPopup.csproj", "{8BE64A06-6BB0-45B4-858C-A76CE0E9982D}"
EndProject
Project("{FAE04EC0-301F-11D3-BF4B-00C04F79EFBC}") = "FFCDBGenerate", "FFCDBGenerate\FFCDBGenerate.csproj", "{1F58718F-6E11-4F74-898F-4E4C2AADC77A}"
EndProject
Project("{FAE04EC0-301F-11D3-BF4B-00C04F79EFBC}") = "PanelFFC", "PanelFFC\PanelFFC.csproj", "{344311C9-6E2A-4F7D-85AE-57E0BA3AD963}"
EndProject
Project("{F184B08F-C81C-45F6-A57F-5ABD9991F28F}") = "PanelFFCRGB", "PanelFFC RGB\PanelFFCRGB.vbproj", "{D08E3D2A-C2CC-49B4-B47D-D6657AD33FB2}"
EndProject
Project("{F184B08F-C81C-45F6-A57F-5ABD9991F28F}") = "PanelFFCGRAY", "PanelFFC GRAY\PanelFFCGRAY.vbproj", "{AB79AA70-90AA-4313-B4D4-4F299EBFDCA9}"
EndProject
Project("{FAE04EC0-301F-11D3-BF4B-00C04F79EFBC}") = "RemoteTools", "RemoteTools\RemoteTools.csproj", "{B2A11C28-48EE-4BDF-8F4B-5D60863793A7}"
EndProject
Project("{FAE04EC0-301F-11D3-BF4B-00C04F79EFBC}") = "StartProcess", "StartProcess\StartProcess.csproj", "{59BCAEE6-072E-498B-AF70-3C7D0C964C90}"
EndProject
Project("{FAE04EC0-301F-11D3-BF4B-00C04F79EFBC}") = "BackupCurrentTT", "BackupCurrentTT\BackupCurrentTT.csproj", "{D1419DDF-18F8-4F59-A2A3-31A4BC7C8C92}"
EndProject
Project("{F184B08F-C81C-45F6-A57F-5ABD9991F28F}") = "DoubleResolution", "DoubleResolution\DoubleResolution.vbproj", "{4F375B5B-0579-4551-8B77-2123C5539816}"
EndProject
Project("{FAE04EC0-301F-11D3-BF4B-00C04F79EFBC}") = "SetSequence", "SetSequence\SetSequence.csproj", "{67E9D15A-0EA5-40BF-B817-E4035F936227}"
EndProject
Project("{F184B08F-C81C-45F6-A57F-5ABD9991F28F}") = "UploadFTPVB", "UploadFTPVB\UploadFTPVB.vbproj", "{49626B68-34FE-4550-91F5-0F5BB6CE6401}"
EndProject
Project("{FAE04EC0-301F-11D3-BF4B-00C04F79EFBC}") = "FTPIndexPathGenerator", "FTPIndexPathGenerator\FTPIndexPathGenerator.csproj", "{642E4AD9-C252-4D7A-B039-BD49A7400165}"
EndProject
Project("{FAE04EC0-301F-11D3-BF4B-00C04F79EFBC}") = "OneTimeRunner", "OneTimeRunner\OneTimeRunner.csproj", "{C7421142-263B-487E-831E-90A93D128D10}"
EndProject
Project("{FAE04EC0-301F-11D3-BF4B-00C04F79EFBC}") = "StartCopyWhizFixtureToCamera", "StartCopyWhizFixtureToCamera\StartCopyWhizFixtureToCamera.csproj", "{7F6F3F17-1EFA-4AAB-813D-91031E86A7D5}"
EndProject
Project("{FAE04EC0-301F-11D3-BF4B-00C04F79EFBC}") = "StartTightVNC", "StartTightVNC\StartTightVNC.csproj", "{DC77D98B-DBD7-4E27-909D-5C9F2215E234}"
EndProject
Project("{FAE04EC0-301F-11D3-BF4B-00C04F79EFBC}") = "TCPClient", "TCPClient\TCPClient.csproj", "{D8F7964F-2C60-40FC-8811-3DF3738F31E2}"
EndProject
Project("{FAE04EC0-301F-11D3-BF4B-00C04F79EFBC}") = "TCPServer", "TCPServer\TCPServer.csproj", "{A99AEF35-3F02-47B3-B984-627BBF8C6FD2}"
EndProject
Project("{FAE04EC0-301F-11D3-BF4B-00C04F79EFBC}") = "SequenceClearer", "SequenceClearer\SequenceClearer.csproj", "{8A709522-7896-412D-9650-04E580299BC4}"
EndProject
Project("{F184B08F-C81C-45F6-A57F-5ABD9991F28F}") = "PanelFFCD854Color", "PanelFFC D854 Color\PanelFFCD854Color.vbproj", "{A9167913-DF01-4183-B88B-CFCA810A5270}"
EndProject
Project("{F184B08F-C81C-45F6-A57F-5ABD9991F28F}") = "PanelFFCIllunisCF", "PanelFFC Illunis CF\PanelFFCIllunisCF.vbproj", "{E6EC8FCA-E077-4C84-95E5-3884C5A84767}"
EndProject
Project("{F184B08F-C81C-45F6-A57F-5ABD9991F28F}") = "PanelFFCIllunisDJ", "PanelFFC Illunis DJ\PanelFFCIllunisDJ.vbproj", "{92BDEA24-1D8F-4088-85C8-F695F414D4A3}"
EndProject
Project("{F184B08F-C81C-45F6-A57F-5ABD9991F28F}") = "PanelFFCIllunisEP", "PanelFFC Illunis EP\PanelFFCIllunisEP.vbproj", "{593B0CD8-ABDA-4708-989C-B9B39D3B7CF1}"
EndProject
Project("{F184B08F-C81C-45F6-A57F-5ABD9991F28F}") = "PanelFFCX10801panel", "PanelFFC X1080 1 panel\PanelFFCX10801panel.vbproj", "{12A6FC25-B348-420F-8B0B-A46A6C26DA08}"
EndProject
Project("{F184B08F-C81C-45F6-A57F-5ABD9991F28F}") = "PanelFFCX10803panel", "PanelFFC X1080 3 panels\PanelFFCX10803panel.vbproj", "{91C0FB9A-0527-4581-9F1D-2159DD5F1032}"
EndProject
Project("{F184B08F-C81C-45F6-A57F-5ABD9991F28F}") = "PanelFFCX10805panel", "PanelFFC X1080 5 panels\PanelFFCX10805panel.vbproj", "{60E94BE7-A30A-450F-9986-1FE1AB4B80C9}"
EndProject
Project("{F184B08F-C81C-45F6-A57F-5ABD9991F28F}") = "PanelFFCRadiantCF", "PanelFFC Radiant CF\PanelFFCRadiantCF.vbproj", "{C002E72B-3B17-48DB-A8CD-C973E5D41B92}"
EndProject
Global
	GlobalSection(SolutionConfigurationPlatforms) = preSolution
		Debug|Any CPU = Debug|Any CPU
		Release|Any CPU = Release|Any CPU
	EndGlobalSection
	GlobalSection(ProjectConfigurationPlatforms) = postSolution
		{45C612E2-BEEB-446E-AC38-A256F39DA4FC}.Debug|Any CPU.ActiveCfg = Debug|Any CPU
		{45C612E2-BEEB-446E-AC38-A256F39DA4FC}.Debug|Any CPU.Build.0 = Debug|Any CPU
		{45C612E2-BEEB-446E-AC38-A256F39DA4FC}.Release|Any CPU.ActiveCfg = Release|Any CPU
		{45C612E2-BEEB-446E-AC38-A256F39DA4FC}.Release|Any CPU.Build.0 = Release|Any CPU
		{C9DB9E8A-25E5-45C2-801C-A1EA200486C6}.Debug|Any CPU.ActiveCfg = Debug|Any CPU
		{C9DB9E8A-25E5-45C2-801C-A1EA200486C6}.Debug|Any CPU.Build.0 = Debug|Any CPU
		{C9DB9E8A-25E5-45C2-801C-A1EA200486C6}.Release|Any CPU.ActiveCfg = Release|Any CPU
		{C9DB9E8A-25E5-45C2-801C-A1EA200486C6}.Release|Any CPU.Build.0 = Release|Any CPU
		{838C5EC4-9173-4A60-99E1-067B858C457B}.Debug|Any CPU.ActiveCfg = Debug|Any CPU
		{838C5EC4-9173-4A60-99E1-067B858C457B}.Debug|Any CPU.Build.0 = Debug|Any CPU
		{838C5EC4-9173-4A60-99E1-067B858C457B}.Release|Any CPU.ActiveCfg = Release|Any CPU
		{838C5EC4-9173-4A60-99E1-067B858C457B}.Release|Any CPU.Build.0 = Release|Any CPU
		{DCD64881-ECA2-400A-BFBF-901FF7354FBD}.Debug|Any CPU.ActiveCfg = Debug|Any CPU
		{DCD64881-ECA2-400A-BFBF-901FF7354FBD}.Debug|Any CPU.Build.0 = Debug|Any CPU
		{DCD64881-ECA2-400A-BFBF-901FF7354FBD}.Release|Any CPU.ActiveCfg = Release|Any CPU
		{DCD64881-ECA2-400A-BFBF-901FF7354FBD}.Release|Any CPU.Build.0 = Release|Any CPU
		{E9F5DDE3-B839-46BE-AD6D-5690C2E1251F}.Debug|Any CPU.ActiveCfg = Debug|Any CPU
		{E9F5DDE3-B839-46BE-AD6D-5690C2E1251F}.Debug|Any CPU.Build.0 = Debug|Any CPU
		{E9F5DDE3-B839-46BE-AD6D-5690C2E1251F}.Release|Any CPU.ActiveCfg = Release|Any CPU
		{E9F5DDE3-B839-46BE-AD6D-5690C2E1251F}.Release|Any CPU.Build.0 = Release|Any CPU
		{8AEAE95B-CA68-4ECC-8C5F-9C7FBC551E32}.Debug|Any CPU.ActiveCfg = Debug|Any CPU
		{8AEAE95B-CA68-4ECC-8C5F-9C7FBC551E32}.Debug|Any CPU.Build.0 = Debug|Any CPU
		{8AEAE95B-CA68-4ECC-8C5F-9C7FBC551E32}.Release|Any CPU.ActiveCfg = Release|Any CPU
		{8AEAE95B-CA68-4ECC-8C5F-9C7FBC551E32}.Release|Any CPU.Build.0 = Release|Any CPU
		{294D775D-A7F1-4586-98CA-49EDAB4C9DD6}.Debug|Any CPU.ActiveCfg = Debug|Any CPU
		{294D775D-A7F1-4586-98CA-49EDAB4C9DD6}.Debug|Any CPU.Build.0 = Debug|Any CPU
		{294D775D-A7F1-4586-98CA-49EDAB4C9DD6}.Release|Any CPU.ActiveCfg = Release|Any CPU
		{294D775D-A7F1-4586-98CA-49EDAB4C9DD6}.Release|Any CPU.Build.0 = Release|Any CPU
		{568FDE4F-08A1-4464-B615-5C627B81B133}.Debug|Any CPU.ActiveCfg = Debug|Any CPU
		{568FDE4F-08A1-4464-B615-5C627B81B133}.Debug|Any CPU.Build.0 = Debug|Any CPU
		{568FDE4F-08A1-4464-B615-5C627B81B133}.Release|Any CPU.ActiveCfg = Release|Any CPU
		{568FDE4F-08A1-4464-B615-5C627B81B133}.Release|Any CPU.Build.0 = Release|Any CPU
		{8BE64A06-6BB0-45B4-858C-A76CE0E9982D}.Debug|Any CPU.ActiveCfg = Debug|Any CPU
		{8BE64A06-6BB0-45B4-858C-A76CE0E9982D}.Debug|Any CPU.Build.0 = Debug|Any CPU
		{8BE64A06-6BB0-45B4-858C-A76CE0E9982D}.Release|Any CPU.ActiveCfg = Release|Any CPU
		{8BE64A06-6BB0-45B4-858C-A76CE0E9982D}.Release|Any CPU.Build.0 = Release|Any CPU
		{1F58718F-6E11-4F74-898F-4E4C2AADC77A}.Debug|Any CPU.ActiveCfg = Debug|Any CPU
		{1F58718F-6E11-4F74-898F-4E4C2AADC77A}.Debug|Any CPU.Build.0 = Debug|Any CPU
		{1F58718F-6E11-4F74-898F-4E4C2AADC77A}.Release|Any CPU.ActiveCfg = Release|Any CPU
		{1F58718F-6E11-4F74-898F-4E4C2AADC77A}.Release|Any CPU.Build.0 = Release|Any CPU
		{344311C9-6E2A-4F7D-85AE-57E0BA3AD963}.Debug|Any CPU.ActiveCfg = Debug|Any CPU
		{344311C9-6E2A-4F7D-85AE-57E0BA3AD963}.Debug|Any CPU.Build.0 = Debug|Any CPU
		{344311C9-6E2A-4F7D-85AE-57E0BA3AD963}.Release|Any CPU.ActiveCfg = Release|Any CPU
		{344311C9-6E2A-4F7D-85AE-57E0BA3AD963}.Release|Any CPU.Build.0 = Release|Any CPU
		{D08E3D2A-C2CC-49B4-B47D-D6657AD33FB2}.Debug|Any CPU.ActiveCfg = Debug|Any CPU
		{D08E3D2A-C2CC-49B4-B47D-D6657AD33FB2}.Debug|Any CPU.Build.0 = Debug|Any CPU
		{D08E3D2A-C2CC-49B4-B47D-D6657AD33FB2}.Release|Any CPU.ActiveCfg = Release|Any CPU
		{D08E3D2A-C2CC-49B4-B47D-D6657AD33FB2}.Release|Any CPU.Build.0 = Release|Any CPU
		{AB79AA70-90AA-4313-B4D4-4F299EBFDCA9}.Debug|Any CPU.ActiveCfg = Debug|Any CPU
		{AB79AA70-90AA-4313-B4D4-4F299EBFDCA9}.Debug|Any CPU.Build.0 = Debug|Any CPU
		{AB79AA70-90AA-4313-B4D4-4F299EBFDCA9}.Release|Any CPU.ActiveCfg = Release|Any CPU
		{AB79AA70-90AA-4313-B4D4-4F299EBFDCA9}.Release|Any CPU.Build.0 = Release|Any CPU
		{B2A11C28-48EE-4BDF-8F4B-5D60863793A7}.Debug|Any CPU.ActiveCfg = Debug|Any CPU
		{B2A11C28-48EE-4BDF-8F4B-5D60863793A7}.Debug|Any CPU.Build.0 = Debug|Any CPU
		{B2A11C28-48EE-4BDF-8F4B-5D60863793A7}.Release|Any CPU.ActiveCfg = Release|Any CPU
		{B2A11C28-48EE-4BDF-8F4B-5D60863793A7}.Release|Any CPU.Build.0 = Release|Any CPU
		{59BCAEE6-072E-498B-AF70-3C7D0C964C90}.Debug|Any CPU.ActiveCfg = Debug|Any CPU
		{59BCAEE6-072E-498B-AF70-3C7D0C964C90}.Debug|Any CPU.Build.0 = Debug|Any CPU
		{59BCAEE6-072E-498B-AF70-3C7D0C964C90}.Release|Any CPU.ActiveCfg = Release|Any CPU
		{59BCAEE6-072E-498B-AF70-3C7D0C964C90}.Release|Any CPU.Build.0 = Release|Any CPU
		{D1419DDF-18F8-4F59-A2A3-31A4BC7C8C92}.Debug|Any CPU.ActiveCfg = Debug|Any CPU
		{D1419DDF-18F8-4F59-A2A3-31A4BC7C8C92}.Debug|Any CPU.Build.0 = Debug|Any CPU
		{D1419DDF-18F8-4F59-A2A3-31A4BC7C8C92}.Release|Any CPU.ActiveCfg = Release|Any CPU
		{D1419DDF-18F8-4F59-A2A3-31A4BC7C8C92}.Release|Any CPU.Build.0 = Release|Any CPU
		{4F375B5B-0579-4551-8B77-2123C5539816}.Debug|Any CPU.ActiveCfg = Debug|Any CPU
		{4F375B5B-0579-4551-8B77-2123C5539816}.Debug|Any CPU.Build.0 = Debug|Any CPU
		{4F375B5B-0579-4551-8B77-2123C5539816}.Release|Any CPU.ActiveCfg = Release|Any CPU
		{4F375B5B-0579-4551-8B77-2123C5539816}.Release|Any CPU.Build.0 = Release|Any CPU
		{67E9D15A-0EA5-40BF-B817-E4035F936227}.Debug|Any CPU.ActiveCfg = Debug|Any CPU
		{67E9D15A-0EA5-40BF-B817-E4035F936227}.Debug|Any CPU.Build.0 = Debug|Any CPU
		{67E9D15A-0EA5-40BF-B817-E4035F936227}.Release|Any CPU.ActiveCfg = Release|Any CPU
		{67E9D15A-0EA5-40BF-B817-E4035F936227}.Release|Any CPU.Build.0 = Release|Any CPU
		{49626B68-34FE-4550-91F5-0F5BB6CE6401}.Debug|Any CPU.ActiveCfg = Debug|Any CPU
		{49626B68-34FE-4550-91F5-0F5BB6CE6401}.Debug|Any CPU.Build.0 = Debug|Any CPU
		{49626B68-34FE-4550-91F5-0F5BB6CE6401}.Release|Any CPU.ActiveCfg = Release|Any CPU
		{49626B68-34FE-4550-91F5-0F5BB6CE6401}.Release|Any CPU.Build.0 = Release|Any CPU
		{642E4AD9-C252-4D7A-B039-BD49A7400165}.Debug|Any CPU.ActiveCfg = Debug|Any CPU
		{642E4AD9-C252-4D7A-B039-BD49A7400165}.Debug|Any CPU.Build.0 = Debug|Any CPU
		{642E4AD9-C252-4D7A-B039-BD49A7400165}.Release|Any CPU.ActiveCfg = Release|Any CPU
		{642E4AD9-C252-4D7A-B039-BD49A7400165}.Release|Any CPU.Build.0 = Release|Any CPU
		{C7421142-263B-487E-831E-90A93D128D10}.Debug|Any CPU.ActiveCfg = Debug|Any CPU
		{C7421142-263B-487E-831E-90A93D128D10}.Debug|Any CPU.Build.0 = Debug|Any CPU
		{C7421142-263B-487E-831E-90A93D128D10}.Release|Any CPU.ActiveCfg = Release|Any CPU
		{C7421142-263B-487E-831E-90A93D128D10}.Release|Any CPU.Build.0 = Release|Any CPU
		{7F6F3F17-1EFA-4AAB-813D-91031E86A7D5}.Debug|Any CPU.ActiveCfg = Debug|Any CPU
		{7F6F3F17-1EFA-4AAB-813D-91031E86A7D5}.Debug|Any CPU.Build.0 = Debug|Any CPU
		{7F6F3F17-1EFA-4AAB-813D-91031E86A7D5}.Release|Any CPU.ActiveCfg = Release|Any CPU
		{7F6F3F17-1EFA-4AAB-813D-91031E86A7D5}.Release|Any CPU.Build.0 = Release|Any CPU
		{DC77D98B-DBD7-4E27-909D-5C9F2215E234}.Debug|Any CPU.ActiveCfg = Debug|Any CPU
		{DC77D98B-DBD7-4E27-909D-5C9F2215E234}.Debug|Any CPU.Build.0 = Debug|Any CPU
		{DC77D98B-DBD7-4E27-909D-5C9F2215E234}.Release|Any CPU.ActiveCfg = Release|Any CPU
		{DC77D98B-DBD7-4E27-909D-5C9F2215E234}.Release|Any CPU.Build.0 = Release|Any CPU
		{D8F7964F-2C60-40FC-8811-3DF3738F31E2}.Debug|Any CPU.ActiveCfg = Debug|Any CPU
		{D8F7964F-2C60-40FC-8811-3DF3738F31E2}.Debug|Any CPU.Build.0 = Debug|Any CPU
		{D8F7964F-2C60-40FC-8811-3DF3738F31E2}.Release|Any CPU.ActiveCfg = Release|Any CPU
		{D8F7964F-2C60-40FC-8811-3DF3738F31E2}.Release|Any CPU.Build.0 = Release|Any CPU
		{A99AEF35-3F02-47B3-B984-627BBF8C6FD2}.Debug|Any CPU.ActiveCfg = Debug|Any CPU
		{A99AEF35-3F02-47B3-B984-627BBF8C6FD2}.Debug|Any CPU.Build.0 = Debug|Any CPU
		{A99AEF35-3F02-47B3-B984-627BBF8C6FD2}.Release|Any CPU.ActiveCfg = Release|Any CPU
		{A99AEF35-3F02-47B3-B984-627BBF8C6FD2}.Release|Any CPU.Build.0 = Release|Any CPU
		{8A709522-7896-412D-9650-04E580299BC4}.Debug|Any CPU.ActiveCfg = Debug|Any CPU
		{8A709522-7896-412D-9650-04E580299BC4}.Debug|Any CPU.Build.0 = Debug|Any CPU
		{8A709522-7896-412D-9650-04E580299BC4}.Release|Any CPU.ActiveCfg = Release|Any CPU
		{8A709522-7896-412D-9650-04E580299BC4}.Release|Any CPU.Build.0 = Release|Any CPU
		{A9167913-DF01-4183-B88B-CFCA810A5270}.Debug|Any CPU.ActiveCfg = Debug|Any CPU
		{A9167913-DF01-4183-B88B-CFCA810A5270}.Debug|Any CPU.Build.0 = Debug|Any CPU
		{A9167913-DF01-4183-B88B-CFCA810A5270}.Release|Any CPU.ActiveCfg = Release|Any CPU
		{A9167913-DF01-4183-B88B-CFCA810A5270}.Release|Any CPU.Build.0 = Release|Any CPU
		{E6EC8FCA-E077-4C84-95E5-3884C5A84767}.Debug|Any CPU.ActiveCfg = Debug|Any CPU
		{E6EC8FCA-E077-4C84-95E5-3884C5A84767}.Debug|Any CPU.Build.0 = Debug|Any CPU
		{E6EC8FCA-E077-4C84-95E5-3884C5A84767}.Release|Any CPU.ActiveCfg = Release|Any CPU
		{E6EC8FCA-E077-4C84-95E5-3884C5A84767}.Release|Any CPU.Build.0 = Release|Any CPU
		{92BDEA24-1D8F-4088-85C8-F695F414D4A3}.Debug|Any CPU.ActiveCfg = Debug|Any CPU
		{92BDEA24-1D8F-4088-85C8-F695F414D4A3}.Debug|Any CPU.Build.0 = Debug|Any CPU
		{92BDEA24-1D8F-4088-85C8-F695F414D4A3}.Release|Any CPU.ActiveCfg = Release|Any CPU
		{92BDEA24-1D8F-4088-85C8-F695F414D4A3}.Release|Any CPU.Build.0 = Release|Any CPU
		{593B0CD8-ABDA-4708-989C-B9B39D3B7CF1}.Debug|Any CPU.ActiveCfg = Debug|Any CPU
		{593B0CD8-ABDA-4708-989C-B9B39D3B7CF1}.Debug|Any CPU.Build.0 = Debug|Any CPU
		{593B0CD8-ABDA-4708-989C-B9B39D3B7CF1}.Release|Any CPU.ActiveCfg = Release|Any CPU
		{593B0CD8-ABDA-4708-989C-B9B39D3B7CF1}.Release|Any CPU.Build.0 = Release|Any CPU
		{12A6FC25-B348-420F-8B0B-A46A6C26DA08}.Debug|Any CPU.ActiveCfg = Debug|Any CPU
		{12A6FC25-B348-420F-8B0B-A46A6C26DA08}.Debug|Any CPU.Build.0 = Debug|Any CPU
		{12A6FC25-B348-420F-8B0B-A46A6C26DA08}.Release|Any CPU.ActiveCfg = Release|Any CPU
		{12A6FC25-B348-420F-8B0B-A46A6C26DA08}.Release|Any CPU.Build.0 = Release|Any CPU
		{91C0FB9A-0527-4581-9F1D-2159DD5F1032}.Debug|Any CPU.ActiveCfg = Debug|Any CPU
		{91C0FB9A-0527-4581-9F1D-2159DD5F1032}.Debug|Any CPU.Build.0 = Debug|Any CPU
		{91C0FB9A-0527-4581-9F1D-2159DD5F1032}.Release|Any CPU.ActiveCfg = Release|Any CPU
		{91C0FB9A-0527-4581-9F1D-2159DD5F1032}.Release|Any CPU.Build.0 = Release|Any CPU
		{60E94BE7-A30A-450F-9986-1FE1AB4B80C9}.Debug|Any CPU.ActiveCfg = Debug|Any CPU
		{60E94BE7-A30A-450F-9986-1FE1AB4B80C9}.Debug|Any CPU.Build.0 = Debug|Any CPU
		{60E94BE7-A30A-450F-9986-1FE1AB4B80C9}.Release|Any CPU.ActiveCfg = Release|Any CPU
		{60E94BE7-A30A-450F-9986-1FE1AB4B80C9}.Release|Any CPU.Build.0 = Release|Any CPU
		{C002E72B-3B17-48DB-A8CD-C973E5D41B92}.Debug|Any CPU.ActiveCfg = Debug|Any CPU
		{C002E72B-3B17-48DB-A8CD-C973E5D41B92}.Debug|Any CPU.Build.0 = Debug|Any CPU
		{C002E72B-3B17-48DB-A8CD-C973E5D41B92}.Release|Any CPU.ActiveCfg = Release|Any CPU
		{C002E72B-3B17-48DB-A8CD-C973E5D41B92}.Release|Any CPU.Build.0 = Release|Any CPU
	EndGlobalSection
	GlobalSection(SolutionProperties) = preSolution
		HideSolutionNode = FALSE
	EndGlobalSection
	GlobalSection(ExtensibilityGlobals) = postSolution
		BuildVersion_UseGlobalSettings = True
		BuildVersion_UpdateAssemblyVersion = True
		BuildVersion_BuildVersioningStyle = None.None.Increment.TimeStamp
		BuildVersion_StartDate = 2000/1/1
		SolutionGuid = {60C14AFF-CFF7-46E8-9345-65A46A64495F}
	EndGlobalSection
EndGlobal
