
Microsoft Visual Studio Solution File, Format Version 12.00
# Visual Studio Version 17
VisualStudioVersion = 17.4.33103.184
MinimumVisualStudioVersion = 10.0.40219.1
Project("{F184B08F-C81C-45F6-A57F-5ABD9991F28F}") = "CSVAverage", "CSVAverage\CSVAverage.vbproj", "{45C612E2-BEEB-446E-AC38-A256F39DA4FC}"
EndProject
Project("{F184B08F-C81C-45F6-A57F-5ABD9991F28F}") = "CSVNormalization", "CSVNormalization\CSVNormalization.vbproj", "{C9DB9E8A-25E5-45C2-801C-A1EA200486C6}"
EndProject
Project("{F184B08F-C81C-45F6-A57F-5ABD9991F28F}") = "JoinPanelID", "JoinPanelID\JoinPanelID.vbproj", "{838C5EC4-9173-4A60-99E1-067B858C457B}"
EndProject
Project("{F184B08F-C81C-45F6-A57F-5ABD9991F28F}") = "MotherGrayGenerator", "MotherGrayGenerator\MotherGrayGenerator.vbproj", "{DCD64881-ECA2-400A-BFBF-901FF7354FBD}"
EndProject
Project("{FAE04EC0-301F-11D3-BF4B-00C04F79EFBC}") = "KillProcess", "KillProcess\KillProcess.csproj", "{E9F5DDE3-B839-46BE-AD6D-5690C2E1251F}"
EndProject
Project("{FAE04EC0-301F-11D3-BF4B-00C04F79EFBC}") = "EZAE", "EZAE\EZAE.csproj", "{8AEAE95B-CA68-4ECC-8C5F-9C7FBC551E32}"
EndProject
Project("{FAE04EC0-301F-11D3-BF4B-00C04F79EFBC}") = "CSVPrefixchange", "CSVPrefixchange\CSVPrefixchange.csproj", "{294D775D-A7F1-4586-98CA-49EDAB4C9DD6}"
EndProject
Project("{FAE04EC0-301F-11D3-BF4B-00C04F79EFBC}") = "IPListBuilder", "IPListBuilder\IPListBuilder.csproj", "{568FDE4F-08A1-4464-B615-5C627B81B133}"
EndProject
Project("{FAE04EC0-301F-11D3-BF4B-00C04F79EFBC}") = "CustomPopup", "CustomPopup\CustomPopup.csproj", "{8BE64A06-6BB0-45B4-858C-A76CE0E9982D}"
EndProject
Project("{FAE04EC0-301F-11D3-BF4B-00C04F79EFBC}") = "FFCDBGenerate", "FFCDBGenerate\FFCDBGenerate.csproj", "{1F58718F-6E11-4F74-898F-4E4C2AADC77A}"
EndProject
Project("{FAE04EC0-301F-11D3-BF4B-00C04F79EFBC}") = "PanelFFC", "PanelFFC\PanelFFC.csproj", "{344311C9-6E2A-4F7D-85AE-57E0BA3AD963}"
EndProject
Project("{F184B08F-C81C-45F6-A57F-5ABD9991F28F}") = "PanelFFCRGB", "PanelFFC RGB\PanelFFCRGB.vbproj", "{D08E3D2A-C2CC-49B4-B47D-D6657AD33FB2}"
EndProject
Project("{F184B08F-C81C-45F6-A57F-5ABD9991F28F}") = "PanelFFCGRAY", "PanelFFC GRAY\PanelFFCGRAY.vbproj", "{AB79AA70-90AA-4313-B4D4-4F299EBFDCA9}"
EndProject
Project("{FAE04EC0-301F-11D3-BF4B-00C04F79EFBC}") = "RemoteTools", "RemoteTools\RemoteTools.csproj", "{B2A11C28-48EE-4BDF-8F4B-5D60863793A7}"
EndProject
Project("{FAE04EC0-301F-11D3-BF4B-00C04F79EFBC}") = "StartProcess", "StartProcess\StartProcess.csproj", "{59BCAEE6-072E-498B-AF70-3C7D0C964C90}"
EndProject
Project("{FAE04EC0-301F-11D3-BF4B-00C04F79EFBC}") = "BackupCurrentTT", "BackupCurrentTT\BackupCurrentTT.csproj", "{D1419DDF-18F8-4F59-A2A3-31A4BC7C8C92}"
EndProject
Project("{F184B08F-C81C-45F6-A57F-5ABD9991F28F}") = "DoubleResolution", "DoubleResolution\DoubleResolution.vbproj", "{4F375B5B-0579-4551-8B77-2123C5539816}"
EndProject
Project("{FAE04EC0-301F-11D3-BF4B-00C04F79EFBC}") = "SetSequence", "SetSequence\SetSequence.csproj", "{67E9D15A-0EA5-40BF-B817-E4035F936227}"
EndProject
Project("{F184B08F-C81C-45F6-A57F-5ABD9991F28F}") = "UploadFTPVB", "UploadFTPVB\UploadFTPVB.vbproj", "{49626B68-34FE-4550-91F5-0F5BB6CE6401}"
EndProject
Project("{FAE04EC0-301F-11D3-BF4B-00C04F79EFBC}") = "FTPIndexPathGenerator", "FTPIndexPathGenerator\FTPIndexPathGenerator.csproj", "{642E4AD9-C252-4D7A-B039-BD49A7400165}"
EndProject
Project("{FAE04EC0-301F-11D3-BF4B-00C04F79EFBC}") = "OneTimeRunner", "OneTimeRunner\OneTimeRunner.csproj", "{C7421142-263B-487E-831E-90A93D128D10}"
EndProject
Project("{FAE04EC0-301F-11D3-BF4B-00C04F79EFBC}") = "StartCopyWhizFixtureToCamera", "StartCopyWhizFixtureToCamera\StartCopyWhizFixtureToCamera.csproj", "{7F6F3F17-1EFA-4AAB-813D-91031E86A7D5}"
EndProject
Project("{FAE04EC0-301F-11D3-BF4B-00C04F79EFBC}") = "StartTightVNC", "StartTightVNC\StartTightVNC.csproj", "{DC77D98B-DBD7-4E27-909D-5C9F2215E234}"
EndProject
Project("{FAE04EC0-301F-11D3-BF4B-00C04F79EFBC}") = "TCPClient", "TCPClient\TCPClient.csproj", "{D8F7964F-2C60-40FC-8811-3DF3738F31E2}"
EndProject
Project("{FAE04EC0-301F-11D3-BF4B-00C04F79EFBC}") = "TCPServer", "TCPServer\TCPServer.csproj", "{A99AEF35-3F02-47B3-B984-627BBF8C6FD2}"
EndProject
Project("{FAE04EC0-301F-11D3-BF4B-00C04F79EFBC}") = "SequenceClearer", "SequenceClearer\SequenceClearer.csproj", "{8A709522-7896-412D-9650-04E580299BC4}"
EndProject
Project("{F184B08F-C81C-45F6-A57F-5ABD9991F28F}") = "PanelFFCD854Color", "PanelFFC D854 Color\PanelFFCD854Color.vbproj", "{A9167913-DF01-4183-B88B-CFCA810A5270}"
EndProject
Project("{F184B08F-C81C-45F6-A57F-5ABD9991F28F}") = "PanelFFCIllunisCF", "PanelFFC Illunis CF\PanelFFCIllunisCF.vbproj", "{E6EC8FCA-E077-4C84-95E5-3884C5A84767}"
EndProject
Project("{F184B08F-C81C-45F6-A57F-5ABD9991F28F}") = "PanelFFCIllunisDJ", "PanelFFC Illunis DJ\PanelFFCIllunisDJ.vbproj", "{92BDEA24-1D8F-4088-85C8-F695F414D4A3}"
EndProject
Project("{F184B08F-C81C-45F6-A57F-5ABD9991F28F}") = "PanelFFCIllunisEP", "PanelFFC Illunis EP\PanelFFCIllunisEP.vbproj", "{593B0CD8-ABDA-4708-989C-B9B39D3B7CF1}"
EndProject
Project("{F184B08F-C81C-45F6-A57F-5ABD9991F28F}") = "PanelFFCX10801panel", "PanelFFC X1080 1 panel\PanelFFCX10801panel.vbproj", "{12A6FC25-B348-420F-8B0B-A46A6C26DA08}"
EndProject
Project("{F184B08F-C81C-45F6-A57F-5ABD9991F28F}") = "PanelFFCX10803panel", "PanelFFC X1080 3 panels\PanelFFCX10803panel.vbproj", "{91C0FB9A-0527-4581-9F1D-2159DD5F1032}"
EndProject
Project("{F184B08F-C81C-45F6-A57F-5ABD9991F28F}") = "PanelFFCX10805panel", "PanelFFC X1080 5 panels\PanelFFCX10805panel.vbproj", "{60E94BE7-A30A-450F-9986-1FE1AB4B80C9}"
EndProject
Project("{F184B08F-C81C-45F6-A57F-5ABD9991F28F}") = "PanelFFCRadiantCF", "PanelFFC Radiant CF\PanelFFCRadiantCF.vbproj", "{C002E72B-3B17-48DB-A8CD-C973E5D41B92}"
EndProject
Project("{F184B08F-C81C-45F6-A57F-5ABD9991F28F}") = "SequenceCheck", "SequenceCheck\SequenceCheck.vbproj", "{D9128775-DB2F-42CF-A450-355BD3FB3224}"
EndProject
Project("{F184B08F-C81C-45F6-A57F-5ABD9991F28F}") = "SetSequenceVB", "SetSequenceVB\SetSequenceVB.vbproj", "{91DB666A-CDD5-4547-8177-9ACAC2DE9AFE}"
EndProject
Project("{FAE04EC0-301F-11D3-BF4B-00C04F79EFBC}") = "RVSWorklog", "RVSWorklog\RVSWorklog.csproj", "{561A4CAB-CF2A-4C33-B0F8-9318606D470E}"
EndProject
Project("{FAE04EC0-301F-11D3-BF4B-00C04F79EFBC}") = "AutoClose", "AutoClose\AutoClose.csproj", "{FA2D9DA8-2F86-48A9-A241-3C69A3066339}"
EndProject
Project("{F184B08F-C81C-45F6-A57F-5ABD9991F28F}") = "FTPUploaderVB", "FTPUploaderVB\FTPUploaderVB.vbproj", "{485E88D7-C55D-4124-9753-576F37932B3C}"
EndProject
Project("{F184B08F-C81C-45F6-A57F-5ABD9991F28F}") = "RestartTTDove2p0", "RestartTTDove2p0\RestartTTDove2p0.vbproj", "{802F56DB-911A-4877-8AEF-54A64D833CF5}"
EndProject
Project("{F184B08F-C81C-45F6-A57F-5ABD9991F28F}") = "Emu2p1SequenceConvert", "Emu2p1SequenceConvert\Emu2p1SequenceConvert.vbproj", "{DB1E8752-44B8-4F67-B13C-9F95F727B6BE}"
EndProject
Project("{2150E333-8FDC-42A3-9474-1A3956D46DE8}") = "QuickTools", "QuickTools", "{62CFD8A0-B705-4B6B-B80F-814562E4DABF}"
EndProject
Project("{FAE04EC0-301F-11D3-BF4B-00C04F79EFBC}") = "BinXMLChangeIntercept", "QuickTools\BinXMLChangeIntercept\BinXMLChangeIntercept.csproj", "{EE5251E8-456E-41AA-A81A-77DABAF038C3}"
EndProject
Project("{F184B08F-C81C-45F6-A57F-5ABD9991F28F}") = "LGDCustomAppLauncher", "LGDCustomAppLauncher\LGDCustomAppLauncher.vbproj", "{268F742A-801D-4E49-9523-B3227F3DFBA7}"
EndProject
Project("{FAE04EC0-301F-11D3-BF4B-00C04F79EFBC}") = "RenameVNTT", "QuickTools\RenameVNTT\RenameVNTT.csproj", "{5754914F-362B-4394-B7D1-BA15837A1270}"
EndProject
Project("{FAE04EC0-301F-11D3-BF4B-00C04F79EFBC}") = "RemoveEZAEAddons", "QuickTools\RemoveEZAEAddons\RemoveEZAEAddons.csproj", "{A7D0AFBD-B53B-4309-8404-0660823DC4C3}"
EndProject
Project("{FAE04EC0-301F-11D3-BF4B-00C04F79EFBC}") = "FolderLock", "FolderLock\FolderLock.csproj", "{647EB64B-3C05-417D-9B1E-4942EEA1679B}"
EndProject
Project("{F184B08F-C81C-45F6-A57F-5ABD9991F28F}") = "CopyMaster", "CopyMaster\CopyMaster.vbproj", "{577C1CB8-7CBF-4049-90B2-87DC4D70F2F7}"
EndProject
Project("{F184B08F-C81C-45F6-A57F-5ABD9991F28F}") = "TrueTestWatcher", "TrueTestWatcher\TrueTestWatcher.vbproj", "{E11FFC6D-F4B7-416A-B73A-1ED34B0806F4}"
EndProject
Project("{F184B08F-C81C-45F6-A57F-5ABD9991F28F}") = "AutoDeleteData", "AutoDeleteData\AutoDeleteData.vbproj", "{71A23078-8BA2-41A2-A40D-E6B6F0C3C7A9}"
EndProject
Project("{FAE04EC0-301F-11D3-BF4B-00C04F79EFBC}") = "ConsoleApp1", "QuickTools\ConsoleApp1\ConsoleApp1.csproj", "{31778E11-A74A-401B-919A-6ED1BD30D0D1}"
EndProject
Project("{FAE04EC0-301F-11D3-BF4B-00C04F79EFBC}") = "ConsoleApp2", "QuickTools\ConsoleApp2\ConsoleApp2.csproj", "{6D5B538E-48C6-4CAD-BB57-F07F6A1DBE93}"
EndProject
Project("{FAE04EC0-301F-11D3-BF4B-00C04F79EFBC}") = "ConsoleApp3", "QuickTools\ConsoleApp3\ConsoleApp3.csproj", "{C558EC8A-2C1C-47E6-B833-A322FC9C8293}"
EndProject
Project("{FAE04EC0-301F-11D3-BF4B-00C04F79EFBC}") = "RenameFiles", "QuickTools\RenameFiiles\RenameFiles.csproj", "{D94AF84D-8C38-4C84-865F-6B569D58D884}"
EndProject
Project("{FAE04EC0-301F-11D3-BF4B-00C04F79EFBC}") = "SequenceCheckCS", "SequenceCheckCS\SequenceCheckCS.csproj", "{6399003B-75C0-4048-94A2-C23F738FCA7E}"
EndProject
Project("{FAE04EC0-301F-11D3-BF4B-00C04F79EFBC}") = "MatchingSummaryLogForAOIDetect", "MatchingSummaryLogForAOIDetect\MatchingSummaryLogForAOIDetect.csproj", "{CC48D9E2-7BA4-4672-A7B7-C331AF7525B2}"
EndProject
Project("{FAE04EC0-301F-11D3-BF4B-00C04F79EFBC}") = "TTLogViewer", "TTLogViewer\TTLogViewer.csproj", "{33DC68CB-FCB9-4DF0-B386-C22BDBEAAA1C}"
EndProject
Project("{FAE04EC0-301F-11D3-BF4B-00C04F79EFBC}") = "CppProjectCloner", "CppProjectCloner\CppProjectCloner.csproj", "{BCACD881-9644-489B-A835-0F304E0CE164}"
EndProject
Project("{FAE04EC0-301F-11D3-BF4B-00C04F79EFBC}") = "ProjectCloner", "ProjectCloner\ProjectCloner.csproj", "{80206F91-077A-4A94-9F8F-DD3BCB7E8C62}"
EndProject
Project("{FAE04EC0-301F-11D3-BF4B-00C04F79EFBC}") = "TextToImage", "TextToImage\TextToImage.csproj", "{AD97AAE6-E3F5-4888-B32F-3F6552E8BCD2}"
EndProject
Project("{FAE04EC0-301F-11D3-BF4B-00C04F79EFBC}") = "AOITrace", "AOITrace\AOITrace.csproj", "{1C2F0BBE-1292-487A-8A9C-76D16D5FFC32}"
EndProject
Project("{FAE04EC0-301F-11D3-BF4B-00C04F79EFBC}") = "RemoveFFSPOT", "QuickTools\RemoveFFSPOT\RemoveFFSPOT.csproj", "{00F46E76-532D-4AAD-9A18-51E6551DC442}"
EndProject
Project("{FAE04EC0-301F-11D3-BF4B-00C04F79EFBC}") = "SetMaxNewBrightDefects", "QuickTools\SetMaxNewBrightDefects\SetMaxNewBrightDefects.csproj", "{43986DA9-E376-485F-80E2-6A5F408AECDC}"
EndProject
Project("{FAE04EC0-301F-11D3-BF4B-00C04F79EFBC}") = "CopySequenceStep", "CopySequenceStep\CopySequenceStep.csproj", "{724DCB67-571F-4D8D-AE35-AB26CA9AA7BB}"
EndProject
Project("{FAE04EC0-301F-11D3-BF4B-00C04F79EFBC}") = "AutoClickOnLog", "AutoClickOnLog\AutoClickOnLog.csproj", "{2E77926C-A822-4A90-B10F-DD15C3BA0D1B}"
EndProject
Project("{FAE04EC0-301F-11D3-BF4B-00C04F79EFBC}") = "FileHide", "FileHide\FileHide.csproj", "{CBAE4D5F-204F-41C6-80F0-18CBE7BD2F30}"
EndProject
Project("{FAE04EC0-301F-11D3-BF4B-00C04F79EFBC}") = "FileLister", "QuickTools\FileLister\FileLister.csproj", "{0E83D117-95F5-4C83-BC46-AED89DE6C23F}"
EndProject
Project("{FAE04EC0-301F-11D3-BF4B-00C04F79EFBC}") = "POCBMobileWin7CompatibilityCheck", "QuickTools\POCBMobileWin7CompatibilityCheck\POCBMobileWin7CompatibilityCheck.csproj", "{221BD4B2-CE89-448A-ABAE-FFAF69ABC29D}"
EndProject
Project("{FAE04EC0-301F-11D3-BF4B-00C04F79EFBC}") = "SetZone3", "SetZone3\SetZone3.csproj", "{73FDBAFB-D935-42CF-ADDB-642C5E228CA8}"
EndProject
Global
	GlobalSection(SolutionConfigurationPlatforms) = preSolution
		Debug|Any CPU = Debug|Any CPU
		Release|Any CPU = Release|Any CPU
	EndGlobalSection
	GlobalSection(ProjectConfigurationPlatforms) = postSolution
		{45C612E2-BEEB-446E-AC38-A256F39DA4FC}.Debug|Any CPU.ActiveCfg = Debug|Any CPU
		{45C612E2-BEEB-446E-AC38-A256F39DA4FC}.Debug|Any CPU.Build.0 = Debug|Any CPU
		{45C612E2-BEEB-446E-AC38-A256F39DA4FC}.Release|Any CPU.ActiveCfg = Release|Any CPU
		{45C612E2-BEEB-446E-AC38-A256F39DA4FC}.Release|Any CPU.Build.0 = Release|Any CPU
		{C9DB9E8A-25E5-45C2-801C-A1EA200486C6}.Debug|Any CPU.ActiveCfg = Debug|Any CPU
		{C9DB9E8A-25E5-45C2-801C-A1EA200486C6}.Debug|Any CPU.Build.0 = Debug|Any CPU
		{C9DB9E8A-25E5-45C2-801C-A1EA200486C6}.Release|Any CPU.ActiveCfg = Release|Any CPU
		{C9DB9E8A-25E5-45C2-801C-A1EA200486C6}.Release|Any CPU.Build.0 = Release|Any CPU
		{838C5EC4-9173-4A60-99E1-067B858C457B}.Debug|Any CPU.ActiveCfg = Debug|Any CPU
		{838C5EC4-9173-4A60-99E1-067B858C457B}.Debug|Any CPU.Build.0 = Debug|Any CPU
		{838C5EC4-9173-4A60-99E1-067B858C457B}.Release|Any CPU.ActiveCfg = Release|Any CPU
		{838C5EC4-9173-4A60-99E1-067B858C457B}.Release|Any CPU.Build.0 = Release|Any CPU
		{DCD64881-ECA2-400A-BFBF-901FF7354FBD}.Debug|Any CPU.ActiveCfg = Debug|Any CPU
		{DCD64881-ECA2-400A-BFBF-901FF7354FBD}.Debug|Any CPU.Build.0 = Debug|Any CPU
		{DCD64881-ECA2-400A-BFBF-901FF7354FBD}.Release|Any CPU.ActiveCfg = Release|Any CPU
		{DCD64881-ECA2-400A-BFBF-901FF7354FBD}.Release|Any CPU.Build.0 = Release|Any CPU
		{E9F5DDE3-B839-46BE-AD6D-5690C2E1251F}.Debug|Any CPU.ActiveCfg = Debug|Any CPU
		{E9F5DDE3-B839-46BE-AD6D-5690C2E1251F}.Debug|Any CPU.Build.0 = Debug|Any CPU
		{E9F5DDE3-B839-46BE-AD6D-5690C2E1251F}.Release|Any CPU.ActiveCfg = Release|Any CPU
		{E9F5DDE3-B839-46BE-AD6D-5690C2E1251F}.Release|Any CPU.Build.0 = Release|Any CPU
		{8AEAE95B-CA68-4ECC-8C5F-9C7FBC551E32}.Debug|Any CPU.ActiveCfg = Debug|Any CPU
		{8AEAE95B-CA68-4ECC-8C5F-9C7FBC551E32}.Debug|Any CPU.Build.0 = Debug|Any CPU
		{8AEAE95B-CA68-4ECC-8C5F-9C7FBC551E32}.Release|Any CPU.ActiveCfg = Release|Any CPU
		{8AEAE95B-CA68-4ECC-8C5F-9C7FBC551E32}.Release|Any CPU.Build.0 = Release|Any CPU
		{294D775D-A7F1-4586-98CA-49EDAB4C9DD6}.Debug|Any CPU.ActiveCfg = Debug|Any CPU
		{294D775D-A7F1-4586-98CA-49EDAB4C9DD6}.Debug|Any CPU.Build.0 = Debug|Any CPU
		{294D775D-A7F1-4586-98CA-49EDAB4C9DD6}.Release|Any CPU.ActiveCfg = Release|Any CPU
		{294D775D-A7F1-4586-98CA-49EDAB4C9DD6}.Release|Any CPU.Build.0 = Release|Any CPU
		{568FDE4F-08A1-4464-B615-5C627B81B133}.Debug|Any CPU.ActiveCfg = Debug|Any CPU
		{568FDE4F-08A1-4464-B615-5C627B81B133}.Debug|Any CPU.Build.0 = Debug|Any CPU
		{568FDE4F-08A1-4464-B615-5C627B81B133}.Release|Any CPU.ActiveCfg = Release|Any CPU
		{568FDE4F-08A1-4464-B615-5C627B81B133}.Release|Any CPU.Build.0 = Release|Any CPU
		{8BE64A06-6BB0-45B4-858C-A76CE0E9982D}.Debug|Any CPU.ActiveCfg = Debug|Any CPU
		{8BE64A06-6BB0-45B4-858C-A76CE0E9982D}.Debug|Any CPU.Build.0 = Debug|Any CPU
		{8BE64A06-6BB0-45B4-858C-A76CE0E9982D}.Release|Any CPU.ActiveCfg = Release|Any CPU
		{8BE64A06-6BB0-45B4-858C-A76CE0E9982D}.Release|Any CPU.Build.0 = Release|Any CPU
		{1F58718F-6E11-4F74-898F-4E4C2AADC77A}.Debug|Any CPU.ActiveCfg = Debug|Any CPU
		{1F58718F-6E11-4F74-898F-4E4C2AADC77A}.Debug|Any CPU.Build.0 = Debug|Any CPU
		{1F58718F-6E11-4F74-898F-4E4C2AADC77A}.Release|Any CPU.ActiveCfg = Release|Any CPU
		{1F58718F-6E11-4F74-898F-4E4C2AADC77A}.Release|Any CPU.Build.0 = Release|Any CPU
		{344311C9-6E2A-4F7D-85AE-57E0BA3AD963}.Debug|Any CPU.ActiveCfg = Debug|Any CPU
		{344311C9-6E2A-4F7D-85AE-57E0BA3AD963}.Debug|Any CPU.Build.0 = Debug|Any CPU
		{344311C9-6E2A-4F7D-85AE-57E0BA3AD963}.Release|Any CPU.ActiveCfg = Release|Any CPU
		{344311C9-6E2A-4F7D-85AE-57E0BA3AD963}.Release|Any CPU.Build.0 = Release|Any CPU
		{D08E3D2A-C2CC-49B4-B47D-D6657AD33FB2}.Debug|Any CPU.ActiveCfg = Debug|Any CPU
		{D08E3D2A-C2CC-49B4-B47D-D6657AD33FB2}.Debug|Any CPU.Build.0 = Debug|Any CPU
		{D08E3D2A-C2CC-49B4-B47D-D6657AD33FB2}.Release|Any CPU.ActiveCfg = Release|Any CPU
		{D08E3D2A-C2CC-49B4-B47D-D6657AD33FB2}.Release|Any CPU.Build.0 = Release|Any CPU
		{AB79AA70-90AA-4313-B4D4-4F299EBFDCA9}.Debug|Any CPU.ActiveCfg = Debug|Any CPU
		{AB79AA70-90AA-4313-B4D4-4F299EBFDCA9}.Debug|Any CPU.Build.0 = Debug|Any CPU
		{AB79AA70-90AA-4313-B4D4-4F299EBFDCA9}.Release|Any CPU.ActiveCfg = Release|Any CPU
		{AB79AA70-90AA-4313-B4D4-4F299EBFDCA9}.Release|Any CPU.Build.0 = Release|Any CPU
		{B2A11C28-48EE-4BDF-8F4B-5D60863793A7}.Debug|Any CPU.ActiveCfg = Debug|Any CPU
		{B2A11C28-48EE-4BDF-8F4B-5D60863793A7}.Debug|Any CPU.Build.0 = Debug|Any CPU
		{B2A11C28-48EE-4BDF-8F4B-5D60863793A7}.Release|Any CPU.ActiveCfg = Release|Any CPU
		{B2A11C28-48EE-4BDF-8F4B-5D60863793A7}.Release|Any CPU.Build.0 = Release|Any CPU
		{59BCAEE6-072E-498B-AF70-3C7D0C964C90}.Debug|Any CPU.ActiveCfg = Debug|Any CPU
		{59BCAEE6-072E-498B-AF70-3C7D0C964C90}.Debug|Any CPU.Build.0 = Debug|Any CPU
		{59BCAEE6-072E-498B-AF70-3C7D0C964C90}.Release|Any CPU.ActiveCfg = Release|Any CPU
		{59BCAEE6-072E-498B-AF70-3C7D0C964C90}.Release|Any CPU.Build.0 = Release|Any CPU
		{D1419DDF-18F8-4F59-A2A3-31A4BC7C8C92}.Debug|Any CPU.ActiveCfg = Debug|Any CPU
		{D1419DDF-18F8-4F59-A2A3-31A4BC7C8C92}.Debug|Any CPU.Build.0 = Debug|Any CPU
		{D1419DDF-18F8-4F59-A2A3-31A4BC7C8C92}.Release|Any CPU.ActiveCfg = Release|Any CPU
		{D1419DDF-18F8-4F59-A2A3-31A4BC7C8C92}.Release|Any CPU.Build.0 = Release|Any CPU
		{4F375B5B-0579-4551-8B77-2123C5539816}.Debug|Any CPU.ActiveCfg = Debug|Any CPU
		{4F375B5B-0579-4551-8B77-2123C5539816}.Debug|Any CPU.Build.0 = Debug|Any CPU
		{4F375B5B-0579-4551-8B77-2123C5539816}.Release|Any CPU.ActiveCfg = Release|Any CPU
		{4F375B5B-0579-4551-8B77-2123C5539816}.Release|Any CPU.Build.0 = Release|Any CPU
		{67E9D15A-0EA5-40BF-B817-E4035F936227}.Debug|Any CPU.ActiveCfg = Debug|Any CPU
		{67E9D15A-0EA5-40BF-B817-E4035F936227}.Debug|Any CPU.Build.0 = Debug|Any CPU
		{67E9D15A-0EA5-40BF-B817-E4035F936227}.Release|Any CPU.ActiveCfg = Release|Any CPU
		{67E9D15A-0EA5-40BF-B817-E4035F936227}.Release|Any CPU.Build.0 = Release|Any CPU
		{49626B68-34FE-4550-91F5-0F5BB6CE6401}.Debug|Any CPU.ActiveCfg = Debug|Any CPU
		{49626B68-34FE-4550-91F5-0F5BB6CE6401}.Debug|Any CPU.Build.0 = Debug|Any CPU
		{49626B68-34FE-4550-91F5-0F5BB6CE6401}.Release|Any CPU.ActiveCfg = Release|Any CPU
		{49626B68-34FE-4550-91F5-0F5BB6CE6401}.Release|Any CPU.Build.0 = Release|Any CPU
		{642E4AD9-C252-4D7A-B039-BD49A7400165}.Debug|Any CPU.ActiveCfg = Debug|Any CPU
		{642E4AD9-C252-4D7A-B039-BD49A7400165}.Debug|Any CPU.Build.0 = Debug|Any CPU
		{642E4AD9-C252-4D7A-B039-BD49A7400165}.Release|Any CPU.ActiveCfg = Release|Any CPU
		{642E4AD9-C252-4D7A-B039-BD49A7400165}.Release|Any CPU.Build.0 = Release|Any CPU
		{C7421142-263B-487E-831E-90A93D128D10}.Debug|Any CPU.ActiveCfg = Debug|Any CPU
		{C7421142-263B-487E-831E-90A93D128D10}.Debug|Any CPU.Build.0 = Debug|Any CPU
		{C7421142-263B-487E-831E-90A93D128D10}.Release|Any CPU.ActiveCfg = Release|Any CPU
		{C7421142-263B-487E-831E-90A93D128D10}.Release|Any CPU.Build.0 = Release|Any CPU
		{7F6F3F17-1EFA-4AAB-813D-91031E86A7D5}.Debug|Any CPU.ActiveCfg = Debug|Any CPU
		{7F6F3F17-1EFA-4AAB-813D-91031E86A7D5}.Debug|Any CPU.Build.0 = Debug|Any CPU
		{7F6F3F17-1EFA-4AAB-813D-91031E86A7D5}.Release|Any CPU.ActiveCfg = Release|Any CPU
		{7F6F3F17-1EFA-4AAB-813D-91031E86A7D5}.Release|Any CPU.Build.0 = Release|Any CPU
		{DC77D98B-DBD7-4E27-909D-5C9F2215E234}.Debug|Any CPU.ActiveCfg = Debug|Any CPU
		{DC77D98B-DBD7-4E27-909D-5C9F2215E234}.Debug|Any CPU.Build.0 = Debug|Any CPU
		{DC77D98B-DBD7-4E27-909D-5C9F2215E234}.Release|Any CPU.ActiveCfg = Release|Any CPU
		{DC77D98B-DBD7-4E27-909D-5C9F2215E234}.Release|Any CPU.Build.0 = Release|Any CPU
		{D8F7964F-2C60-40FC-8811-3DF3738F31E2}.Debug|Any CPU.ActiveCfg = Debug|Any CPU
		{D8F7964F-2C60-40FC-8811-3DF3738F31E2}.Debug|Any CPU.Build.0 = Debug|Any CPU
		{D8F7964F-2C60-40FC-8811-3DF3738F31E2}.Release|Any CPU.ActiveCfg = Release|Any CPU
		{D8F7964F-2C60-40FC-8811-3DF3738F31E2}.Release|Any CPU.Build.0 = Release|Any CPU
		{A99AEF35-3F02-47B3-B984-627BBF8C6FD2}.Debug|Any CPU.ActiveCfg = Debug|Any CPU
		{A99AEF35-3F02-47B3-B984-627BBF8C6FD2}.Debug|Any CPU.Build.0 = Debug|Any CPU
		{A99AEF35-3F02-47B3-B984-627BBF8C6FD2}.Release|Any CPU.ActiveCfg = Release|Any CPU
		{A99AEF35-3F02-47B3-B984-627BBF8C6FD2}.Release|Any CPU.Build.0 = Release|Any CPU
		{8A709522-7896-412D-9650-04E580299BC4}.Debug|Any CPU.ActiveCfg = Debug|Any CPU
		{8A709522-7896-412D-9650-04E580299BC4}.Debug|Any CPU.Build.0 = Debug|Any CPU
		{8A709522-7896-412D-9650-04E580299BC4}.Release|Any CPU.ActiveCfg = Release|Any CPU
		{8A709522-7896-412D-9650-04E580299BC4}.Release|Any CPU.Build.0 = Release|Any CPU
		{A9167913-DF01-4183-B88B-CFCA810A5270}.Debug|Any CPU.ActiveCfg = Debug|Any CPU
		{A9167913-DF01-4183-B88B-CFCA810A5270}.Debug|Any CPU.Build.0 = Debug|Any CPU
		{A9167913-DF01-4183-B88B-CFCA810A5270}.Release|Any CPU.ActiveCfg = Release|Any CPU
		{A9167913-DF01-4183-B88B-CFCA810A5270}.Release|Any CPU.Build.0 = Release|Any CPU
		{E6EC8FCA-E077-4C84-95E5-3884C5A84767}.Debug|Any CPU.ActiveCfg = Debug|Any CPU
		{E6EC8FCA-E077-4C84-95E5-3884C5A84767}.Debug|Any CPU.Build.0 = Debug|Any CPU
		{E6EC8FCA-E077-4C84-95E5-3884C5A84767}.Release|Any CPU.ActiveCfg = Release|Any CPU
		{E6EC8FCA-E077-4C84-95E5-3884C5A84767}.Release|Any CPU.Build.0 = Release|Any CPU
		{92BDEA24-1D8F-4088-85C8-F695F414D4A3}.Debug|Any CPU.ActiveCfg = Debug|Any CPU
		{92BDEA24-1D8F-4088-85C8-F695F414D4A3}.Debug|Any CPU.Build.0 = Debug|Any CPU
		{92BDEA24-1D8F-4088-85C8-F695F414D4A3}.Release|Any CPU.ActiveCfg = Release|Any CPU
		{92BDEA24-1D8F-4088-85C8-F695F414D4A3}.Release|Any CPU.Build.0 = Release|Any CPU
		{593B0CD8-ABDA-4708-989C-B9B39D3B7CF1}.Debug|Any CPU.ActiveCfg = Debug|Any CPU
		{593B0CD8-ABDA-4708-989C-B9B39D3B7CF1}.Debug|Any CPU.Build.0 = Debug|Any CPU
		{593B0CD8-ABDA-4708-989C-B9B39D3B7CF1}.Release|Any CPU.ActiveCfg = Release|Any CPU
		{593B0CD8-ABDA-4708-989C-B9B39D3B7CF1}.Release|Any CPU.Build.0 = Release|Any CPU
		{12A6FC25-B348-420F-8B0B-A46A6C26DA08}.Debug|Any CPU.ActiveCfg = Debug|Any CPU
		{12A6FC25-B348-420F-8B0B-A46A6C26DA08}.Debug|Any CPU.Build.0 = Debug|Any CPU
		{12A6FC25-B348-420F-8B0B-A46A6C26DA08}.Release|Any CPU.ActiveCfg = Release|Any CPU
		{12A6FC25-B348-420F-8B0B-A46A6C26DA08}.Release|Any CPU.Build.0 = Release|Any CPU
		{91C0FB9A-0527-4581-9F1D-2159DD5F1032}.Debug|Any CPU.ActiveCfg = Debug|Any CPU
		{91C0FB9A-0527-4581-9F1D-2159DD5F1032}.Debug|Any CPU.Build.0 = Debug|Any CPU
		{91C0FB9A-0527-4581-9F1D-2159DD5F1032}.Release|Any CPU.ActiveCfg = Release|Any CPU
		{91C0FB9A-0527-4581-9F1D-2159DD5F1032}.Release|Any CPU.Build.0 = Release|Any CPU
		{60E94BE7-A30A-450F-9986-1FE1AB4B80C9}.Debug|Any CPU.ActiveCfg = Debug|Any CPU
		{60E94BE7-A30A-450F-9986-1FE1AB4B80C9}.Debug|Any CPU.Build.0 = Debug|Any CPU
		{60E94BE7-A30A-450F-9986-1FE1AB4B80C9}.Release|Any CPU.ActiveCfg = Release|Any CPU
		{60E94BE7-A30A-450F-9986-1FE1AB4B80C9}.Release|Any CPU.Build.0 = Release|Any CPU
		{C002E72B-3B17-48DB-A8CD-C973E5D41B92}.Debug|Any CPU.ActiveCfg = Debug|Any CPU
		{C002E72B-3B17-48DB-A8CD-C973E5D41B92}.Debug|Any CPU.Build.0 = Debug|Any CPU
		{C002E72B-3B17-48DB-A8CD-C973E5D41B92}.Release|Any CPU.ActiveCfg = Release|Any CPU
		{C002E72B-3B17-48DB-A8CD-C973E5D41B92}.Release|Any CPU.Build.0 = Release|Any CPU
		{D9128775-DB2F-42CF-A450-355BD3FB3224}.Debug|Any CPU.ActiveCfg = Debug|Any CPU
		{D9128775-DB2F-42CF-A450-355BD3FB3224}.Debug|Any CPU.Build.0 = Debug|Any CPU
		{D9128775-DB2F-42CF-A450-355BD3FB3224}.Release|Any CPU.ActiveCfg = Release|Any CPU
		{D9128775-DB2F-42CF-A450-355BD3FB3224}.Release|Any CPU.Build.0 = Release|Any CPU
		{91DB666A-CDD5-4547-8177-9ACAC2DE9AFE}.Debug|Any CPU.ActiveCfg = Debug|Any CPU
		{91DB666A-CDD5-4547-8177-9ACAC2DE9AFE}.Debug|Any CPU.Build.0 = Debug|Any CPU
		{91DB666A-CDD5-4547-8177-9ACAC2DE9AFE}.Release|Any CPU.ActiveCfg = Release|Any CPU
		{91DB666A-CDD5-4547-8177-9ACAC2DE9AFE}.Release|Any CPU.Build.0 = Release|Any CPU
		{561A4CAB-CF2A-4C33-B0F8-9318606D470E}.Debug|Any CPU.ActiveCfg = Debug|Any CPU
		{561A4CAB-CF2A-4C33-B0F8-9318606D470E}.Debug|Any CPU.Build.0 = Debug|Any CPU
		{561A4CAB-CF2A-4C33-B0F8-9318606D470E}.Release|Any CPU.ActiveCfg = Release|Any CPU
		{561A4CAB-CF2A-4C33-B0F8-9318606D470E}.Release|Any CPU.Build.0 = Release|Any CPU
		{FA2D9DA8-2F86-48A9-A241-3C69A3066339}.Debug|Any CPU.ActiveCfg = Debug|Any CPU
		{FA2D9DA8-2F86-48A9-A241-3C69A3066339}.Debug|Any CPU.Build.0 = Debug|Any CPU
		{FA2D9DA8-2F86-48A9-A241-3C69A3066339}.Release|Any CPU.ActiveCfg = Release|Any CPU
		{FA2D9DA8-2F86-48A9-A241-3C69A3066339}.Release|Any CPU.Build.0 = Release|Any CPU
		{485E88D7-C55D-4124-9753-576F37932B3C}.Debug|Any CPU.ActiveCfg = Debug|Any CPU
		{485E88D7-C55D-4124-9753-576F37932B3C}.Debug|Any CPU.Build.0 = Debug|Any CPU
		{485E88D7-C55D-4124-9753-576F37932B3C}.Release|Any CPU.ActiveCfg = Release|Any CPU
		{485E88D7-C55D-4124-9753-576F37932B3C}.Release|Any CPU.Build.0 = Release|Any CPU
		{802F56DB-911A-4877-8AEF-54A64D833CF5}.Debug|Any CPU.ActiveCfg = Debug|Any CPU
		{802F56DB-911A-4877-8AEF-54A64D833CF5}.Debug|Any CPU.Build.0 = Debug|Any CPU
		{802F56DB-911A-4877-8AEF-54A64D833CF5}.Release|Any CPU.ActiveCfg = Release|Any CPU
		{802F56DB-911A-4877-8AEF-54A64D833CF5}.Release|Any CPU.Build.0 = Release|Any CPU
		{DB1E8752-44B8-4F67-B13C-9F95F727B6BE}.Debug|Any CPU.ActiveCfg = Debug|Any CPU
		{DB1E8752-44B8-4F67-B13C-9F95F727B6BE}.Debug|Any CPU.Build.0 = Debug|Any CPU
		{DB1E8752-44B8-4F67-B13C-9F95F727B6BE}.Release|Any CPU.ActiveCfg = Release|Any CPU
		{DB1E8752-44B8-4F67-B13C-9F95F727B6BE}.Release|Any CPU.Build.0 = Release|Any CPU
		{EE5251E8-456E-41AA-A81A-77DABAF038C3}.Debug|Any CPU.ActiveCfg = Debug|Any CPU
		{EE5251E8-456E-41AA-A81A-77DABAF038C3}.Debug|Any CPU.Build.0 = Debug|Any CPU
		{EE5251E8-456E-41AA-A81A-77DABAF038C3}.Release|Any CPU.ActiveCfg = Release|Any CPU
		{EE5251E8-456E-41AA-A81A-77DABAF038C3}.Release|Any CPU.Build.0 = Release|Any CPU
		{268F742A-801D-4E49-9523-B3227F3DFBA7}.Debug|Any CPU.ActiveCfg = Debug|Any CPU
		{268F742A-801D-4E49-9523-B3227F3DFBA7}.Debug|Any CPU.Build.0 = Debug|Any CPU
		{268F742A-801D-4E49-9523-B3227F3DFBA7}.Release|Any CPU.ActiveCfg = Release|Any CPU
		{268F742A-801D-4E49-9523-B3227F3DFBA7}.Release|Any CPU.Build.0 = Release|Any CPU
		{5754914F-362B-4394-B7D1-BA15837A1270}.Debug|Any CPU.ActiveCfg = Debug|Any CPU
		{5754914F-362B-4394-B7D1-BA15837A1270}.Debug|Any CPU.Build.0 = Debug|Any CPU
		{5754914F-362B-4394-B7D1-BA15837A1270}.Release|Any CPU.ActiveCfg = Release|Any CPU
		{5754914F-362B-4394-B7D1-BA15837A1270}.Release|Any CPU.Build.0 = Release|Any CPU
		{A7D0AFBD-B53B-4309-8404-0660823DC4C3}.Debug|Any CPU.ActiveCfg = Debug|Any CPU
		{A7D0AFBD-B53B-4309-8404-0660823DC4C3}.Debug|Any CPU.Build.0 = Debug|Any CPU
		{A7D0AFBD-B53B-4309-8404-0660823DC4C3}.Release|Any CPU.ActiveCfg = Release|Any CPU
		{A7D0AFBD-B53B-4309-8404-0660823DC4C3}.Release|Any CPU.Build.0 = Release|Any CPU
		{647EB64B-3C05-417D-9B1E-4942EEA1679B}.Debug|Any CPU.ActiveCfg = Debug|Any CPU
		{647EB64B-3C05-417D-9B1E-4942EEA1679B}.Debug|Any CPU.Build.0 = Debug|Any CPU
		{647EB64B-3C05-417D-9B1E-4942EEA1679B}.Release|Any CPU.ActiveCfg = Release|Any CPU
		{647EB64B-3C05-417D-9B1E-4942EEA1679B}.Release|Any CPU.Build.0 = Release|Any CPU
		{577C1CB8-7CBF-4049-90B2-87DC4D70F2F7}.Debug|Any CPU.ActiveCfg = Debug|Any CPU
		{577C1CB8-7CBF-4049-90B2-87DC4D70F2F7}.Debug|Any CPU.Build.0 = Debug|Any CPU
		{577C1CB8-7CBF-4049-90B2-87DC4D70F2F7}.Release|Any CPU.ActiveCfg = Release|Any CPU
		{577C1CB8-7CBF-4049-90B2-87DC4D70F2F7}.Release|Any CPU.Build.0 = Release|Any CPU
		{E11FFC6D-F4B7-416A-B73A-1ED34B0806F4}.Debug|Any CPU.ActiveCfg = Debug|Any CPU
		{E11FFC6D-F4B7-416A-B73A-1ED34B0806F4}.Debug|Any CPU.Build.0 = Debug|Any CPU
		{E11FFC6D-F4B7-416A-B73A-1ED34B0806F4}.Release|Any CPU.ActiveCfg = Release|Any CPU
		{E11FFC6D-F4B7-416A-B73A-1ED34B0806F4}.Release|Any CPU.Build.0 = Release|Any CPU
		{71A23078-8BA2-41A2-A40D-E6B6F0C3C7A9}.Debug|Any CPU.ActiveCfg = Debug|Any CPU
		{71A23078-8BA2-41A2-A40D-E6B6F0C3C7A9}.Debug|Any CPU.Build.0 = Debug|Any CPU
		{71A23078-8BA2-41A2-A40D-E6B6F0C3C7A9}.Release|Any CPU.ActiveCfg = Release|Any CPU
		{71A23078-8BA2-41A2-A40D-E6B6F0C3C7A9}.Release|Any CPU.Build.0 = Release|Any CPU
		{31778E11-A74A-401B-919A-6ED1BD30D0D1}.Debug|Any CPU.ActiveCfg = Debug|Any CPU
		{31778E11-A74A-401B-919A-6ED1BD30D0D1}.Debug|Any CPU.Build.0 = Debug|Any CPU
		{31778E11-A74A-401B-919A-6ED1BD30D0D1}.Release|Any CPU.ActiveCfg = Release|Any CPU
		{31778E11-A74A-401B-919A-6ED1BD30D0D1}.Release|Any CPU.Build.0 = Release|Any CPU
		{6D5B538E-48C6-4CAD-BB57-F07F6A1DBE93}.Debug|Any CPU.ActiveCfg = Debug|Any CPU
		{6D5B538E-48C6-4CAD-BB57-F07F6A1DBE93}.Debug|Any CPU.Build.0 = Debug|Any CPU
		{6D5B538E-48C6-4CAD-BB57-F07F6A1DBE93}.Release|Any CPU.ActiveCfg = Release|Any CPU
		{6D5B538E-48C6-4CAD-BB57-F07F6A1DBE93}.Release|Any CPU.Build.0 = Release|Any CPU
		{C558EC8A-2C1C-47E6-B833-A322FC9C8293}.Debug|Any CPU.ActiveCfg = Debug|Any CPU
		{C558EC8A-2C1C-47E6-B833-A322FC9C8293}.Debug|Any CPU.Build.0 = Debug|Any CPU
		{C558EC8A-2C1C-47E6-B833-A322FC9C8293}.Release|Any CPU.ActiveCfg = Release|Any CPU
		{C558EC8A-2C1C-47E6-B833-A322FC9C8293}.Release|Any CPU.Build.0 = Release|Any CPU
		{D94AF84D-8C38-4C84-865F-6B569D58D884}.Debug|Any CPU.ActiveCfg = Debug|Any CPU
		{D94AF84D-8C38-4C84-865F-6B569D58D884}.Debug|Any CPU.Build.0 = Debug|Any CPU
		{D94AF84D-8C38-4C84-865F-6B569D58D884}.Release|Any CPU.ActiveCfg = Release|Any CPU
		{D94AF84D-8C38-4C84-865F-6B569D58D884}.Release|Any CPU.Build.0 = Release|Any CPU
		{6399003B-75C0-4048-94A2-C23F738FCA7E}.Debug|Any CPU.ActiveCfg = Debug|Any CPU
		{6399003B-75C0-4048-94A2-C23F738FCA7E}.Debug|Any CPU.Build.0 = Debug|Any CPU
		{6399003B-75C0-4048-94A2-C23F738FCA7E}.Release|Any CPU.ActiveCfg = Release|Any CPU
		{6399003B-75C0-4048-94A2-C23F738FCA7E}.Release|Any CPU.Build.0 = Release|Any CPU
		{CC48D9E2-7BA4-4672-A7B7-C331AF7525B2}.Debug|Any CPU.ActiveCfg = Debug|Any CPU
		{CC48D9E2-7BA4-4672-A7B7-C331AF7525B2}.Debug|Any CPU.Build.0 = Debug|Any CPU
		{CC48D9E2-7BA4-4672-A7B7-C331AF7525B2}.Release|Any CPU.ActiveCfg = Release|Any CPU
		{CC48D9E2-7BA4-4672-A7B7-C331AF7525B2}.Release|Any CPU.Build.0 = Release|Any CPU
		{33DC68CB-FCB9-4DF0-B386-C22BDBEAAA1C}.Debug|Any CPU.ActiveCfg = Debug|Any CPU
		{33DC68CB-FCB9-4DF0-B386-C22BDBEAAA1C}.Debug|Any CPU.Build.0 = Debug|Any CPU
		{33DC68CB-FCB9-4DF0-B386-C22BDBEAAA1C}.Release|Any CPU.ActiveCfg = Release|Any CPU
		{33DC68CB-FCB9-4DF0-B386-C22BDBEAAA1C}.Release|Any CPU.Build.0 = Release|Any CPU
		{BCACD881-9644-489B-A835-0F304E0CE164}.Debug|Any CPU.ActiveCfg = Debug|Any CPU
		{BCACD881-9644-489B-A835-0F304E0CE164}.Debug|Any CPU.Build.0 = Debug|Any CPU
		{BCACD881-9644-489B-A835-0F304E0CE164}.Release|Any CPU.ActiveCfg = Release|Any CPU
		{BCACD881-9644-489B-A835-0F304E0CE164}.Release|Any CPU.Build.0 = Release|Any CPU
		{80206F91-077A-4A94-9F8F-DD3BCB7E8C62}.Debug|Any CPU.ActiveCfg = Debug|Any CPU
		{80206F91-077A-4A94-9F8F-DD3BCB7E8C62}.Debug|Any CPU.Build.0 = Debug|Any CPU
		{80206F91-077A-4A94-9F8F-DD3BCB7E8C62}.Release|Any CPU.ActiveCfg = Release|Any CPU
		{80206F91-077A-4A94-9F8F-DD3BCB7E8C62}.Release|Any CPU.Build.0 = Release|Any CPU
		{AD97AAE6-E3F5-4888-B32F-3F6552E8BCD2}.Debug|Any CPU.ActiveCfg = Debug|Any CPU
		{AD97AAE6-E3F5-4888-B32F-3F6552E8BCD2}.Debug|Any CPU.Build.0 = Debug|Any CPU
		{AD97AAE6-E3F5-4888-B32F-3F6552E8BCD2}.Release|Any CPU.ActiveCfg = Release|Any CPU
		{AD97AAE6-E3F5-4888-B32F-3F6552E8BCD2}.Release|Any CPU.Build.0 = Release|Any CPU
		{1C2F0BBE-1292-487A-8A9C-76D16D5FFC32}.Debug|Any CPU.ActiveCfg = Debug|Any CPU
		{1C2F0BBE-1292-487A-8A9C-76D16D5FFC32}.Debug|Any CPU.Build.0 = Debug|Any CPU
		{1C2F0BBE-1292-487A-8A9C-76D16D5FFC32}.Release|Any CPU.ActiveCfg = Release|Any CPU
		{1C2F0BBE-1292-487A-8A9C-76D16D5FFC32}.Release|Any CPU.Build.0 = Release|Any CPU
		{00F46E76-532D-4AAD-9A18-51E6551DC442}.Debug|Any CPU.ActiveCfg = Debug|Any CPU
		{00F46E76-532D-4AAD-9A18-51E6551DC442}.Debug|Any CPU.Build.0 = Debug|Any CPU
		{00F46E76-532D-4AAD-9A18-51E6551DC442}.Release|Any CPU.ActiveCfg = Release|Any CPU
		{00F46E76-532D-4AAD-9A18-51E6551DC442}.Release|Any CPU.Build.0 = Release|Any CPU
		{43986DA9-E376-485F-80E2-6A5F408AECDC}.Debug|Any CPU.ActiveCfg = Debug|Any CPU
		{43986DA9-E376-485F-80E2-6A5F408AECDC}.Debug|Any CPU.Build.0 = Debug|Any CPU
		{43986DA9-E376-485F-80E2-6A5F408AECDC}.Release|Any CPU.ActiveCfg = Release|Any CPU
		{43986DA9-E376-485F-80E2-6A5F408AECDC}.Release|Any CPU.Build.0 = Release|Any CPU
		{724DCB67-571F-4D8D-AE35-AB26CA9AA7BB}.Debug|Any CPU.ActiveCfg = Debug|Any CPU
		{724DCB67-571F-4D8D-AE35-AB26CA9AA7BB}.Debug|Any CPU.Build.0 = Debug|Any CPU
		{724DCB67-571F-4D8D-AE35-AB26CA9AA7BB}.Release|Any CPU.ActiveCfg = Release|Any CPU
		{724DCB67-571F-4D8D-AE35-AB26CA9AA7BB}.Release|Any CPU.Build.0 = Release|Any CPU
		{2E77926C-A822-4A90-B10F-DD15C3BA0D1B}.Debug|Any CPU.ActiveCfg = Debug|Any CPU
		{2E77926C-A822-4A90-B10F-DD15C3BA0D1B}.Debug|Any CPU.Build.0 = Debug|Any CPU
		{2E77926C-A822-4A90-B10F-DD15C3BA0D1B}.Release|Any CPU.ActiveCfg = Release|Any CPU
		{2E77926C-A822-4A90-B10F-DD15C3BA0D1B}.Release|Any CPU.Build.0 = Release|Any CPU
		{CBAE4D5F-204F-41C6-80F0-18CBE7BD2F30}.Debug|Any CPU.ActiveCfg = Debug|Any CPU
		{CBAE4D5F-204F-41C6-80F0-18CBE7BD2F30}.Debug|Any CPU.Build.0 = Debug|Any CPU
		{CBAE4D5F-204F-41C6-80F0-18CBE7BD2F30}.Release|Any CPU.ActiveCfg = Release|Any CPU
		{CBAE4D5F-204F-41C6-80F0-18CBE7BD2F30}.Release|Any CPU.Build.0 = Release|Any CPU
		{0E83D117-95F5-4C83-BC46-AED89DE6C23F}.Debug|Any CPU.ActiveCfg = Debug|Any CPU
		{0E83D117-95F5-4C83-BC46-AED89DE6C23F}.Debug|Any CPU.Build.0 = Debug|Any CPU
		{0E83D117-95F5-4C83-BC46-AED89DE6C23F}.Release|Any CPU.ActiveCfg = Release|Any CPU
		{0E83D117-95F5-4C83-BC46-AED89DE6C23F}.Release|Any CPU.Build.0 = Release|Any CPU
		{221BD4B2-CE89-448A-ABAE-FFAF69ABC29D}.Debug|Any CPU.ActiveCfg = Debug|Any CPU
		{221BD4B2-CE89-448A-ABAE-FFAF69ABC29D}.Debug|Any CPU.Build.0 = Debug|Any CPU
		{221BD4B2-CE89-448A-ABAE-FFAF69ABC29D}.Release|Any CPU.ActiveCfg = Release|Any CPU
		{221BD4B2-CE89-448A-ABAE-FFAF69ABC29D}.Release|Any CPU.Build.0 = Release|Any CPU
		{73FDBAFB-D935-42CF-ADDB-642C5E228CA8}.Debug|Any CPU.ActiveCfg = Debug|Any CPU
		{73FDBAFB-D935-42CF-ADDB-642C5E228CA8}.Debug|Any CPU.Build.0 = Debug|Any CPU
		{73FDBAFB-D935-42CF-ADDB-642C5E228CA8}.Release|Any CPU.ActiveCfg = Release|Any CPU
		{73FDBAFB-D935-42CF-ADDB-642C5E228CA8}.Release|Any CPU.Build.0 = Release|Any CPU
	EndGlobalSection
	GlobalSection(SolutionProperties) = preSolution
		HideSolutionNode = FALSE
	EndGlobalSection
	GlobalSection(NestedProjects) = preSolution
		{EE5251E8-456E-41AA-A81A-77DABAF038C3} = {62CFD8A0-B705-4B6B-B80F-814562E4DABF}
		{5754914F-362B-4394-B7D1-BA15837A1270} = {62CFD8A0-B705-4B6B-B80F-814562E4DABF}
		{A7D0AFBD-B53B-4309-8404-0660823DC4C3} = {62CFD8A0-B705-4B6B-B80F-814562E4DABF}
		{31778E11-A74A-401B-919A-6ED1BD30D0D1} = {62CFD8A0-B705-4B6B-B80F-814562E4DABF}
		{6D5B538E-48C6-4CAD-BB57-F07F6A1DBE93} = {62CFD8A0-B705-4B6B-B80F-814562E4DABF}
		{C558EC8A-2C1C-47E6-B833-A322FC9C8293} = {62CFD8A0-B705-4B6B-B80F-814562E4DABF}
		{D94AF84D-8C38-4C84-865F-6B569D58D884} = {62CFD8A0-B705-4B6B-B80F-814562E4DABF}
		{00F46E76-532D-4AAD-9A18-51E6551DC442} = {62CFD8A0-B705-4B6B-B80F-814562E4DABF}
		{43986DA9-E376-485F-80E2-6A5F408AECDC} = {62CFD8A0-B705-4B6B-B80F-814562E4DABF}
		{0E83D117-95F5-4C83-BC46-AED89DE6C23F} = {62CFD8A0-B705-4B6B-B80F-814562E4DABF}
		{221BD4B2-CE89-448A-ABAE-FFAF69ABC29D} = {62CFD8A0-B705-4B6B-B80F-814562E4DABF}
	EndGlobalSection
	GlobalSection(ExtensibilityGlobals) = postSolution
		SolutionGuid = {60C14AFF-CFF7-46E8-9345-65A46A64495F}
		BuildVersion_StartDate = 2000/1/1
		BuildVersion_BuildVersioningStyle = None.None.Increment.TimeStamp
		BuildVersion_UpdateAssemblyVersion = True
		BuildVersion_UseGlobalSettings = True
	EndGlobalSection
EndGlobal
