Microsoft Visual Studio Solution File, Format Version 7.00
Project("{FAE04EC0-301F-11D3-BF4B-00C04F79EFBC}") = "Game", "Game.csproj", "{E09C7DC8-5E52-4260-B7C2-68BB606A4A4E}"
EndProject
Global
	GlobalSection(SolutionConfiguration) = preSolution
		ConfigName.0 = Debug
		ConfigName.1 = Release
	EndGlobalSection
	GlobalSection(ProjectDependencies) = postSolution
	EndGlobalSection
	GlobalSection(ProjectConfiguration) = postSolution
		{E09C7DC8-5E52-4260-B7C2-68BB606A4A4E}.Debug.ActiveCfg = Debug|.NET
		{E09C7DC8-5E52-4260-B7C2-68BB606A4A4E}.Debug.Build.0 = Debug|.NET
		{E09C7DC8-5E52-4260-B7C2-68BB606A4A4E}.Release.ActiveCfg = Release|.NET
		{E09C7DC8-5E52-4260-B7C2-68BB606A4A4E}.Release.Build.0 = Release|.NET
	EndGlobalSection
	GlobalSection(ExtensibilityGlobals) = postSolution
	EndGlobalSection
	GlobalSection(ExtensibilityAddIns) = postSolution
	EndGlobalSection
EndGlobal
